
Microsoft Visual Studio Solution File, Format Version 12.00
# Visual Studio Version 17
VisualStudioVersion = 17.3.32901.215
MinimumVisualStudioVersion = 10.0.40219.1
Project("{FAE04EC0-301F-11D3-BF4B-00C04F79EFBC}") = "Activity 13 CST-150", "Activity 13 CST-150\Activity 13 CST-150.csproj", "{831253A8-3F81-4DBC-BBFF-2DB703E9A9FA}"
EndProject
Global
	GlobalSection(SolutionConfigurationPlatforms) = preSolution
		Debug|Any CPU = Debug|Any CPU
		Release|Any CPU = Release|Any CPU
	EndGlobalSection
	GlobalSection(ProjectConfigurationPlatforms) = postSolution
		{831253A8-3F81-4DBC-BBFF-2DB703E9A9FA}.Debug|Any CPU.ActiveCfg = Debug|Any CPU
		{831253A8-3F81-4DBC-BBFF-2DB703E9A9FA}.Debug|Any CPU.Build.0 = Debug|Any CPU
		{831253A8-3F81-4DBC-BBFF-2DB703E9A9FA}.Release|Any CPU.ActiveCfg = Release|Any CPU
		{831253A8-3F81-4DBC-BBFF-2DB703E9A9FA}.Release|Any CPU.Build.0 = Release|Any CPU
	EndGlobalSection
	GlobalSection(SolutionProperties) = preSolution
		HideSolutionNode = FALSE
	EndGlobalSection
	GlobalSection(ExtensibilityGlobals) = postSolution
		SolutionGuid = {748F77B7-31E0-402F-A605-76A4D67E21AA}
	EndGlobalSection
EndGlobal
